// !$*UTF8*$!
{
	archiveVersion = 1;
	classes = {
	};
	objectVersion = 46;
	objects = {

/* Begin PBXBuildFile section */
		64A70BCB1ADDA30B00C19128 /* AppDelegate.swift in Sources */ = {isa = PBXBuildFile; fileRef = 64A70BCA1ADDA30B00C19128 /* AppDelegate.swift */; };
		64A70BCE1ADDA30B00C19128 /* Roast.xcdatamodeld in Sources */ = {isa = PBXBuildFile; fileRef = 64A70BCC1ADDA30B00C19128 /* Roast.xcdatamodeld */; };
		64A70BD01ADDA30B00C19128 /* ViewController.swift in Sources */ = {isa = PBXBuildFile; fileRef = 64A70BCF1ADDA30B00C19128 /* ViewController.swift */; };
		64A70BD31ADDA30B00C19128 /* Main.storyboard in Resources */ = {isa = PBXBuildFile; fileRef = 64A70BD11ADDA30B00C19128 /* Main.storyboard */; };
		64A70BD51ADDA30B00C19128 /* Images.xcassets in Resources */ = {isa = PBXBuildFile; fileRef = 64A70BD41ADDA30B00C19128 /* Images.xcassets */; };
		64A70BD81ADDA30B00C19128 /* LaunchScreen.xib in Resources */ = {isa = PBXBuildFile; fileRef = 64A70BD61ADDA30B00C19128 /* LaunchScreen.xib */; };
		64A70BE41ADDA30B00C19128 /* RoastTests.swift in Sources */ = {isa = PBXBuildFile; fileRef = 64A70BE31ADDA30B00C19128 /* RoastTests.swift */; };
/* End PBXBuildFile section */

/* Begin PBXContainerItemProxy section */
		64A70BDE1ADDA30B00C19128 /* PBXContainerItemProxy */ = {
			isa = PBXContainerItemProxy;
			containerPortal = 64A70BBD1ADDA30B00C19128 /* Project object */;
			proxyType = 1;
			remoteGlobalIDString = 64A70BC41ADDA30B00C19128;
			remoteInfo = Roast;
		};
/* End PBXContainerItemProxy section */

/* Begin PBXFileReference section */
		64A70BC51ADDA30B00C19128 /* Roast.app */ = {isa = PBXFileReference; explicitFileType = wrapper.application; includeInIndex = 0; path = Roast.app; sourceTree = BUILT_PRODUCTS_DIR; };
		64A70BC91ADDA30B00C19128 /* Info.plist */ = {isa = PBXFileReference; lastKnownFileType = text.plist.xml; path = Info.plist; sourceTree = "<group>"; };
		64A70BCA1ADDA30B00C19128 /* AppDelegate.swift */ = {isa = PBXFileReference; lastKnownFileType = sourcecode.swift; path = AppDelegate.swift; sourceTree = "<group>"; };
		64A70BCD1ADDA30B00C19128 /* Roast.xcdatamodel */ = {isa = PBXFileReference; lastKnownFileType = wrapper.xcdatamodel; path = Roast.xcdatamodel; sourceTree = "<group>"; };
		64A70BCF1ADDA30B00C19128 /* ViewController.swift */ = {isa = PBXFileReference; lastKnownFileType = sourcecode.swift; path = ViewController.swift; sourceTree = "<group>"; };
		64A70BD21ADDA30B00C19128 /* Base */ = {isa = PBXFileReference; lastKnownFileType = file.storyboard; name = Base; path = Base.lproj/Main.storyboard; sourceTree = "<group>"; };
		64A70BD41ADDA30B00C19128 /* Images.xcassets */ = {isa = PBXFileReference; lastKnownFileType = folder.assetcatalog; path = Images.xcassets; sourceTree = "<group>"; };
		64A70BD71ADDA30B00C19128 /* Base */ = {isa = PBXFileReference; lastKnownFileType = file.xib; name = Base; path = Base.lproj/LaunchScreen.xib; sourceTree = "<group>"; };
		64A70BDD1ADDA30B00C19128 /* RoastTests.xctest */ = {isa = PBXFileReference; explicitFileType = wrapper.cfbundle; includeInIndex = 0; path = RoastTests.xctest; sourceTree = BUILT_PRODUCTS_DIR; };
		64A70BE21ADDA30B00C19128 /* Info.plist */ = {isa = PBXFileReference; lastKnownFileType = text.plist.xml; path = Info.plist; sourceTree = "<group>"; };
		64A70BE31ADDA30B00C19128 /* RoastTests.swift */ = {isa = PBXFileReference; lastKnownFileType = sourcecode.swift; path = RoastTests.swift; sourceTree = "<group>"; };
/* End PBXFileReference section */

/* Begin PBXFrameworksBuildPhase section */
		64A70BC21ADDA30B00C19128 /* Frameworks */ = {
			isa = PBXFrameworksBuildPhase;
			buildActionMask = 2147483647;
			files = (
			);
			runOnlyForDeploymentPostprocessing = 0;
		};
		64A70BDA1ADDA30B00C19128 /* Frameworks */ = {
			isa = PBXFrameworksBuildPhase;
			buildActionMask = 2147483647;
			files = (
			);
			runOnlyForDeploymentPostprocessing = 0;
		};
/* End PBXFrameworksBuildPhase section */

/* Begin PBXGroup section */
		64A70BBC1ADDA30B00C19128 = {
			isa = PBXGroup;
			children = (
				64A70BC71ADDA30B00C19128 /* Roast */,
				64A70BE01ADDA30B00C19128 /* RoastTests */,
				64A70BC61ADDA30B00C19128 /* Products */,
			);
			sourceTree = "<group>";
		};
		64A70BC61ADDA30B00C19128 /* Products */ = {
			isa = PBXGroup;
			children = (
				64A70BC51ADDA30B00C19128 /* Roast.app */,
				64A70BDD1ADDA30B00C19128 /* RoastTests.xctest */,
			);
			name = Products;
			sourceTree = "<group>";
		};
		64A70BC71ADDA30B00C19128 /* Roast */ = {
			isa = PBXGroup;
			children = (
				64A70BCA1ADDA30B00C19128 /* AppDelegate.swift */,
				64A70BCF1ADDA30B00C19128 /* ViewController.swift */,
				64A70BD11ADDA30B00C19128 /* Main.storyboard */,
				64A70BD41ADDA30B00C19128 /* Images.xcassets */,
				64A70BD61ADDA30B00C19128 /* LaunchScreen.xib */,
				64A70BCC1ADDA30B00C19128 /* Roast.xcdatamodeld */,
				64A70BC81ADDA30B00C19128 /* Supporting Files */,
			);
			path = Roast;
			sourceTree = "<group>";
		};
		64A70BC81ADDA30B00C19128 /* Supporting Files */ = {
			isa = PBXGroup;
			children = (
				64A70BC91ADDA30B00C19128 /* Info.plist */,
			);
			name = "Supporting Files";
			sourceTree = "<group>";
		};
		64A70BE01ADDA30B00C19128 /* RoastTests */ = {
			isa = PBXGroup;
			children = (
				64A70BE31ADDA30B00C19128 /* RoastTests.swift */,
				64A70BE11ADDA30B00C19128 /* Supporting Files */,
			);
			path = RoastTests;
			sourceTree = "<group>";
		};
		64A70BE11ADDA30B00C19128 /* Supporting Files */ = {
			isa = PBXGroup;
			children = (
				64A70BE21ADDA30B00C19128 /* Info.plist */,
			);
			name = "Supporting Files";
			sourceTree = "<group>";
		};
/* End PBXGroup section */

/* Begin PBXNativeTarget section */
		64A70BC41ADDA30B00C19128 /* Roast */ = {
			isa = PBXNativeTarget;
			buildConfigurationList = 64A70BE71ADDA30B00C19128 /* Build configuration list for PBXNativeTarget "Roast" */;
			buildPhases = (
				64A70BC11ADDA30B00C19128 /* Sources */,
				64A70BC21ADDA30B00C19128 /* Frameworks */,
				64A70BC31ADDA30B00C19128 /* Resources */,
			);
			buildRules = (
			);
			dependencies = (
			);
			name = Roast;
			productName = Roast;
			productReference = 64A70BC51ADDA30B00C19128 /* Roast.app */;
			productType = "com.apple.product-type.application";
		};
		64A70BDC1ADDA30B00C19128 /* RoastTests */ = {
			isa = PBXNativeTarget;
			buildConfigurationList = 64A70BEA1ADDA30B00C19128 /* Build configuration list for PBXNativeTarget "RoastTests" */;
			buildPhases = (
				64A70BD91ADDA30B00C19128 /* Sources */,
				64A70BDA1ADDA30B00C19128 /* Frameworks */,
				64A70BDB1ADDA30B00C19128 /* Resources */,
			);
			buildRules = (
			);
			dependencies = (
				64A70BDF1ADDA30B00C19128 /* PBXTargetDependency */,
			);
			name = RoastTests;
			productName = RoastTests;
			productReference = 64A70BDD1ADDA30B00C19128 /* RoastTests.xctest */;
			productType = "com.apple.product-type.bundle.unit-test";
		};
/* End PBXNativeTarget section */

/* Begin PBXProject section */
		64A70BBD1ADDA30B00C19128 /* Project object */ = {
			isa = PBXProject;
			attributes = {
				LastUpgradeCheck = 0630;
				ORGANIZATIONNAME = "Jamone Kelly";
				TargetAttributes = {
					64A70BC41ADDA30B00C19128 = {
						CreatedOnToolsVersion = 6.3;
					};
					64A70BDC1ADDA30B00C19128 = {
						CreatedOnToolsVersion = 6.3;
						TestTargetID = 64A70BC41ADDA30B00C19128;
					};
				};
			};
			buildConfigurationList = 64A70BC01ADDA30B00C19128 /* Build configuration list for PBXProject "Roast" */;
			compatibilityVersion = "Xcode 3.2";
			developmentRegion = English;
			hasScannedForEncodings = 0;
			knownRegions = (
				en,
				Base,
			);
			mainGroup = 64A70BBC1ADDA30B00C19128;
			productRefGroup = 64A70BC61ADDA30B00C19128 /* Products */;
			projectDirPath = "";
			projectRoot = "";
			targets = (
				64A70BC41ADDA30B00C19128 /* Roast */,
				64A70BDC1ADDA30B00C19128 /* RoastTests */,
			);
		};
/* End PBXProject section */

/* Begin PBXResourcesBuildPhase section */
		64A70BC31ADDA30B00C19128 /* Resources */ = {
			isa = PBXResourcesBuildPhase;
			buildActionMask = 2147483647;
			files = (
				64A70BD31ADDA30B00C19128 /* Main.storyboard in Resources */,
				64A70BD81ADDA30B00C19128 /* LaunchScreen.xib in Resources */,
				64A70BD51ADDA30B00C19128 /* Images.xcassets in Resources */,
			);
			runOnlyForDeploymentPostprocessing = 0;
		};
		64A70BDB1ADDA30B00C19128 /* Resources */ = {
			isa = PBXResourcesBuildPhase;
			buildActionMask = 2147483647;
			files = (
			);
			runOnlyForDeploymentPostprocessing = 0;
		};
/* End PBXResourcesBuildPhase section */

/* Begin PBXSourcesBuildPhase section */
		64A70BC11ADDA30B00C19128 /* Sources */ = {
			isa = PBXSourcesBuildPhase;
			buildActionMask = 2147483647;
			files = (
				64A70BD01ADDA30B00C19128 /* ViewController.swift in Sources */,
				64A70BCB1ADDA30B00C19128 /* AppDelegate.swift in Sources */,
				64A70BCE1ADDA30B00C19128 /* Roast.xcdatamodeld in Sources */,
			);
			runOnlyForDeploymentPostprocessing = 0;
		};
		64A70BD91ADDA30B00C19128 /* Sources */ = {
			isa = PBXSourcesBuildPhase;
			buildActionMask = 2147483647;
			files = (
				64A70BE41ADDA30B00C19128 /* RoastTests.swift in Sources */,
			);
			runOnlyForDeploymentPostprocessing = 0;
		};
/* End PBXSourcesBuildPhase section */

/* Begin PBXTargetDependency section */
		64A70BDF1ADDA30B00C19128 /* PBXTargetDependency */ = {
			isa = PBXTargetDependency;
			target = 64A70BC41ADDA30B00C19128 /* Roast */;
			targetProxy = 64A70BDE1ADDA30B00C19128 /* PBXContainerItemProxy */;
		};
/* End PBXTargetDependency section */

/* Begin PBXVariantGroup section */
		64A70BD11ADDA30B00C19128 /* Main.storyboard */ = {
			isa = PBXVariantGroup;
			children = (
				64A70BD21ADDA30B00C19128 /* Base */,
			);
			name = Main.storyboard;
			sourceTree = "<group>";
		};
		64A70BD61ADDA30B00C19128 /* LaunchScreen.xib */ = {
			isa = PBXVariantGroup;
			children = (
				64A70BD71ADDA30B00C19128 /* Base */,
			);
			name = LaunchScreen.xib;
			sourceTree = "<group>";
		};
/* End PBXVariantGroup section */

/* Begin XCBuildConfiguration section */
		64A70BE51ADDA30B00C19128 /* Debug */ = {
			isa = XCBuildConfiguration;
			buildSettings = {
				ALWAYS_SEARCH_USER_PATHS = NO;
				CLANG_CXX_LANGUAGE_STANDARD = "gnu++0x";
				CLANG_CXX_LIBRARY = "libc++";
				CLANG_ENABLE_MODULES = YES;
				CLANG_ENABLE_OBJC_ARC = YES;
				CLANG_WARN_BOOL_CONVERSION = YES;
				CLANG_WARN_CONSTANT_CONVERSION = YES;
				CLANG_WARN_DIRECT_OBJC_ISA_USAGE = YES_ERROR;
				CLANG_WARN_EMPTY_BODY = YES;
				CLANG_WARN_ENUM_CONVERSION = YES;
				CLANG_WARN_INT_CONVERSION = YES;
				CLANG_WARN_OBJC_ROOT_CLASS = YES_ERROR;
				CLANG_WARN_UNREACHABLE_CODE = YES;
				CLANG_WARN__DUPLICATE_METHOD_MATCH = YES;
				"CODE_SIGN_IDENTITY[sdk=iphoneos*]" = "iPhone Developer";
				COPY_PHASE_STRIP = NO;
				DEBUG_INFORMATION_FORMAT = "dwarf-with-dsym";
				ENABLE_STRICT_OBJC_MSGSEND = YES;
				GCC_C_LANGUAGE_STANDARD = gnu99;
				GCC_DYNAMIC_NO_PIC = NO;
				GCC_NO_COMMON_BLOCKS = YES;
				GCC_OPTIMIZATION_LEVEL = 0;
				GCC_PREPROCESSOR_DEFINITIONS = (
					"DEBUG=1",
					"$(inherited)",
				);
				GCC_SYMBOLS_PRIVATE_EXTERN = NO;
				GCC_WARN_64_TO_32_BIT_CONVERSION = YES;
				GCC_WARN_ABOUT_RETURN_TYPE = YES_ERROR;
				GCC_WARN_UNDECLARED_SELECTOR = YES;
				GCC_WARN_UNINITIALIZED_AUTOS = YES_AGGRESSIVE;
				GCC_WARN_UNUSED_FUNCTION = YES;
				GCC_WARN_UNUSED_VARIABLE = YES;
				IPHONEOS_DEPLOYMENT_TARGET = 8.3;
				MTL_ENABLE_DEBUG_INFO = YES;
				ONLY_ACTIVE_ARCH = YES;
				SDKROOT = iphoneos;
				SWIFT_OPTIMIZATION_LEVEL = "-Onone";
			};
			name = Debug;
		};
		64A70BE61ADDA30B00C19128 /* Release */ = {
			isa = XCBuildConfiguration;
			buildSettings = {
				ALWAYS_SEARCH_USER_PATHS = NO;
				CLANG_CXX_LANGUAGE_STANDARD = "gnu++0x";
				CLANG_CXX_LIBRARY = "libc++";
				CLANG_ENABLE_MODULES = YES;
				CLANG_ENABLE_OBJC_ARC = YES;
				CLANG_WARN_BOOL_CONVERSION = YES;
				CLANG_WARN_CONSTANT_CONVERSION = YES;
				CLANG_WARN_DIRECT_OBJC_ISA_USAGE = YES_ERROR;
				CLANG_WARN_EMPTY_BODY = YES;
				CLANG_WARN_ENUM_CONVERSION = YES;
				CLANG_WARN_INT_CONVERSION = YES;
				CLANG_WARN_OBJC_ROOT_CLASS = YES_ERROR;
				CLANG_WARN_UNREACHABLE_CODE = YES;
				CLANG_WARN__DUPLICATE_METHOD_MATCH = YES;
				"CODE_SIGN_IDENTITY[sdk=iphoneos*]" = "iPhone Developer";
				COPY_PHASE_STRIP = NO;
				DEBUG_INFORMATION_FORMAT = "dwarf-with-dsym";
				ENABLE_NS_ASSERTIONS = NO;
				ENABLE_STRICT_OBJC_MSGSEND = YES;
				GCC_C_LANGUAGE_STANDARD = gnu99;
				GCC_NO_COMMON_BLOCKS = YES;
				GCC_WARN_64_TO_32_BIT_CONVERSION = YES;
				GCC_WARN_ABOUT_RETURN_TYPE = YES_ERROR;
				GCC_WARN_UNDECLARED_SELECTOR = YES;
				GCC_WARN_UNINITIALIZED_AUTOS = YES_AGGRESSIVE;
				GCC_WARN_UNUSED_FUNCTION = YES;
				GCC_WARN_UNUSED_VARIABLE = YES;
				IPHONEOS_DEPLOYMENT_TARGET = 8.3;
				MTL_ENABLE_DEBUG_INFO = NO;
				SDKROOT = iphoneos;
				VALIDATE_PRODUCT = YES;
			};
			name = Release;
		};
		64A70BE81ADDA30B00C19128 /* Debug */ = {
			isa = XCBuildConfiguration;
			buildSettings = {
				ASSETCATALOG_COMPILER_APPICON_NAME = AppIcon;
				INFOPLIST_FILE = Roast/Info.plist;
				LD_RUNPATH_SEARCH_PATHS = "$(inherited) @executable_path/Frameworks";
				PRODUCT_NAME = "$(TARGET_NAME)";
			};
			name = Debug;
		};
		64A70BE91ADDA30B00C19128 /* Release */ = {
			isa = XCBuildConfiguration;
			buildSettings = {
				ASSETCATALOG_COMPILER_APPICON_NAME = AppIcon;
				INFOPLIST_FILE = Roast/Info.plist;
				LD_RUNPATH_SEARCH_PATHS = "$(inherited) @executable_path/Frameworks";
				PRODUCT_NAME = "$(TARGET_NAME)";
			};
			name = Release;
		};
		64A70BEB1ADDA30B00C19128 /* Debug */ = {
			isa = XCBuildConfiguration;
			buildSettings = {
				BUNDLE_LOADER = "$(TEST_HOST)";
				FRAMEWORK_SEARCH_PATHS = (
					"$(SDKROOT)/Developer/Library/Frameworks",
					"$(inherited)",
				);
				GCC_PREPROCESSOR_DEFINITIONS = (
					"DEBUG=1",
					"$(inherited)",
				);
				INFOPLIST_FILE = RoastTests/Info.plist;
				LD_RUNPATH_SEARCH_PATHS = "$(inherited) @executable_path/Frameworks @loader_path/Frameworks";
				PRODUCT_NAME = "$(TARGET_NAME)";
				TEST_HOST = "$(BUILT_PRODUCTS_DIR)/Roast.app/Roast";
			};
			name = Debug;
		};
		64A70BEC1ADDA30B00C19128 /* Release */ = {
			isa = XCBuildConfiguration;
			buildSettings = {
				BUNDLE_LOADER = "$(TEST_HOST)";
				FRAMEWORK_SEARCH_PATHS = (
					"$(SDKROOT)/Developer/Library/Frameworks",
					"$(inherited)",
				);
				INFOPLIST_FILE = RoastTests/Info.plist;
				LD_RUNPATH_SEARCH_PATHS = "$(inherited) @executable_path/Frameworks @loader_path/Frameworks";
				PRODUCT_NAME = "$(TARGET_NAME)";
				TEST_HOST = "$(BUILT_PRODUCTS_DIR)/Roast.app/Roast";
			};
			name = Release;
		};
/* End XCBuildConfiguration section */

/* Begin XCConfigurationList section */
		64A70BC01ADDA30B00C19128 /* Build configuration list for PBXProject "Roast" */ = {
			isa = XCConfigurationList;
			buildConfigurations = (
				64A70BE51ADDA30B00C19128 /* Debug */,
				64A70BE61ADDA30B00C19128 /* Release */,
			);
			defaultConfigurationIsVisible = 0;
			defaultConfigurationName = Release;
		};
		64A70BE71ADDA30B00C19128 /* Build configuration list for PBXNativeTarget "Roast" */ = {
			isa = XCConfigurationList;
			buildConfigurations = (
				64A70BE81ADDA30B00C19128 /* Debug */,
				64A70BE91ADDA30B00C19128 /* Release */,
			);
			defaultConfigurationIsVisible = 0;
		};
		64A70BEA1ADDA30B00C19128 /* Build configuration list for PBXNativeTarget "RoastTests" */ = {
			isa = XCConfigurationList;
			buildConfigurations = (
				64A70BEB1ADDA30B00C19128 /* Debug */,
				64A70BEC1ADDA30B00C19128 /* Release */,
			);
			defaultConfigurationIsVisible = 0;
		};
/* End XCConfigurationList section */

/* Begin XCVersionGroup section */
		64A70BCC1ADDA30B00C19128 /* Roast.xcdatamodeld */ = {
			isa = XCVersionGroup;
			children = (
				64A70BCD1ADDA30B00C19128 /* Roast.xcdatamodel */,
			);
			currentVersion = 64A70BCD1ADDA30B00C19128 /* Roast.xcdatamodel */;
			path = Roast.xcdatamodeld;
			sourceTree = "<group>";
			versionGroupType = wrapper.xcdatamodel;
		};
/* End XCVersionGroup section */
	};
	rootObject = 64A70BBD1ADDA30B00C19128 /* Project object */;
}
